
Microsoft Visual Studio Solution File, Format Version 12.00
# Visual Studio 2012
Project("{888888A0-9F3D-457C-B088-3A5042F75D52}") = "InfluenzaVirusModel", "InfluenzaVirusModel\InfluenzaVirusModel.pyproj", "{CC021BBC-1830-473C-87FC-954CD7A67508}"
EndProject
Global
	GlobalSection(SolutionConfigurationPlatforms) = preSolution
		Debug|Any CPU = Debug|Any CPU
		Release|Any CPU = Release|Any CPU
	EndGlobalSection
	GlobalSection(ProjectConfigurationPlatforms) = postSolution
		{CC021BBC-1830-473C-87FC-954CD7A67508}.Debug|Any CPU.ActiveCfg = Debug|Any CPU
		{CC021BBC-1830-473C-87FC-954CD7A67508}.Debug|Any CPU.Build.0 = Debug|Any CPU
		{CC021BBC-1830-473C-87FC-954CD7A67508}.Release|Any CPU.ActiveCfg = Release|Any CPU
		{CC021BBC-1830-473C-87FC-954CD7A67508}.Release|Any CPU.Build.0 = Release|Any CPU
	EndGlobalSection
	GlobalSection(SolutionProperties) = preSolution
		HideSolutionNode = FALSE
	EndGlobalSection
EndGlobal
